[cli]
sha256 = "285865a31d777181b075f39e92bcfe59c89cd6bacce660be1b9a627646956258"
sha512 = "da2622210a9e3eea82b99f1a5b8a44ce5443d009cb943f7bca0bf9cf4360829b289913d7ee727c011f0f72994ea7dc8e661ebcc0a6b34b587297d80cd9b3f7e8"

[clocks]
sha256 = "468b4d12892fe926b8eb5d398dbf579d566c93231fa44f415440572c695b7613"
sha512 = "e6b53a07221f1413953c9797c68f08b815fdaebf66419bbc1ea3e8b7dece73731062693634731f311a03957b268cf9cc509c518bd15e513c318aa04a8459b93a"

[component]
path = "../../component/wit"
sha256 = "eb65e831f7d50cfdc3d3760938509fb823918ab8563971bb85ef9837bf2dd860"
sha512 = "30d6d922f41e3e0edf9f854ed762ba411ccd064bcf9761850fec2869be647e6f2652d376f65184629314b6ab6889f80145ef3c96a2b23c3c3949dcc07dff895b"
deps = ["cli", "clocks", "filesystem", "io", "random", "sockets"]

[filesystem]
sha256 = "498c465cfd04587db40f970fff2185daa597d074c20b68a8bcbae558f261499b"
sha512 = "ead452f9b7bfb88593a502ec00d76d4228003d51c40fd0408aebc32d35c94673551b00230d730873361567cc209ec218c41fb4e95bad194268592c49e7964347"

[http]
url = "https://github.com/WebAssembly/wasi-http/archive/v0.2.0.tar.gz"
sha256 = "8f44402bde16c48e28c47dc53eab0b26af5b3b3482a1852cf77673e0880ba1c1"
sha512 = "760695f9a25c25bf75a25b731cb21c3bda9e288e450edda823324ecbc73d5d798bbb5de2edad999566980836f037463ee9e57d61789d04b3f3e381475b1a9a0f"
deps = ["cli", "clocks", "filesystem", "io", "random", "sockets"]

[io]
sha256 = "5a3b0b9774ad733d4fa144a694018b03158c21e6168234e81ed02d49a78ef9cb"
sha512 = "f88e836b2264b7a0ec8e51b79420331c42b4973ccc283c556802103e0b6a8daa5ecdf00bd984851fe52db07e703d75c1970c5fba1614b6c990d97734cad22d67"

[random]
sha256 = "7371d03c037d924caba2587fb2e7c5773a0d3c5fcecbf7971e0e0ba57973c53d"
sha512 = "964c4e8925a53078e4d94ba907b54f89a0b7e154f46823a505391471466c17f53c8692682e5c85771712acd88b348686173fc07c53a3cfe3d301b8cd8ddd0de4"

[sockets]
sha256 = "b0869b7cbbaea1410308cd379207f5841db5e30f1e1c1d9fe0582b560b668f24"
sha512 = "198a7bcf4d405b7761e1b5a0a94cdd1e144adb0c6cfbe2b64e380d377de5ac3171a4cf3f840b81ff2ef54be990c95c121f48910796228c0f54b0c3c6e973e317"
